
Microsoft Visual Studio Solution File, Format Version 12.00
# Visual Studio Version 17
VisualStudioVersion = 17.0.32112.339
MinimumVisualStudioVersion = 10.0.40219.1
Project("{8BC9CEB8-8B4A-11D0-8D11-00A0C91BC942}") = "day16", "day16.vcxproj", "{965EC7FC-5BD5-44E5-B298-F29016877DBB}"
EndProject
Global
	GlobalSection(SolutionConfigurationPlatforms) = preSolution
		Debug|x64 = Debug|x64
		Debug|x86 = Debug|x86
		Release|x64 = Release|x64
		Release|x86 = Release|x86
	EndGlobalSection
	GlobalSection(ProjectConfigurationPlatforms) = postSolution
		{965EC7FC-5BD5-44E5-B298-F29016877DBB}.Debug|x64.ActiveCfg = Debug|x64
		{965EC7FC-5BD5-44E5-B298-F29016877DBB}.Debug|x64.Build.0 = Debug|x64
		{965EC7FC-5BD5-44E5-B298-F29016877DBB}.Debug|x86.ActiveCfg = Debug|Win32
		{965EC7FC-5BD5-44E5-B298-F29016877DBB}.Debug|x86.Build.0 = Debug|Win32
		{965EC7FC-5BD5-44E5-B298-F29016877DBB}.Release|x64.ActiveCfg = Release|x64
		{965EC7FC-5BD5-44E5-B298-F29016877DBB}.Release|x64.Build.0 = Release|x64
		{965EC7FC-5BD5-44E5-B298-F29016877DBB}.Release|x86.ActiveCfg = Release|Win32
		{965EC7FC-5BD5-44E5-B298-F29016877DBB}.Release|x86.Build.0 = Release|Win32
	EndGlobalSection
	GlobalSection(SolutionProperties) = preSolution
		HideSolutionNode = FALSE
	EndGlobalSection
	GlobalSection(ExtensibilityGlobals) = postSolution
		SolutionGuid = {BA503810-DFBB-480A-BF1E-A7C8CBB2C8C3}
	EndGlobalSection
EndGlobal
